PODS:
  - PagingMenuController (3.0)

DEPENDENCIES:
  - PagingMenuController (from `../`)

EXTERNAL SOURCES:
  PagingMenuController:
    :path: ../

SPEC CHECKSUMS:
  PagingMenuController: 9998a2d44456e3fc6ebf62860023afcab4e73dc6

PODFILE CHECKSUM: 1328fedf22c64178da7f8accd219a154c0dfcb6e

COCOAPODS: 1.2.1
